PODS:
  - Action (4.2.0):
    - RxCocoa (< 7.0, >= 5.0)
    - RxSwift (< 7.0, >= 5.0)
  - Alamofire (4.9.1)
  - Firebase/Analytics (8.2.0):
    - Firebase/Core
  - Firebase/Core (8.2.0):
    - Firebase/CoreOnly
    - FirebaseAnalytics (~> 8.2.0)
  - Firebase/CoreOnly (8.2.0):
    - FirebaseCore (= 8.2.0)
  - Firebase/Crashlytics (8.2.0):
    - Firebase/CoreOnly
    - FirebaseCrashlytics (~> 8.2.0)
  - FirebaseAnalytics (8.2.0):
    - FirebaseAnalytics/AdIdSupport (= 8.2.0)
    - FirebaseCore (~> 8.0)
    - FirebaseInstallations (~> 8.0)
    - GoogleUtilities/AppDelegateSwizzler (~> 7.4)
    - GoogleUtilities/MethodSwizzler (~> 7.4)
    - GoogleUtilities/Network (~> 7.4)
    - "GoogleUtilities/NSData+zlib (~> 7.4)"
    - nanopb (~> 2.30908.0)
  - FirebaseAnalytics/AdIdSupport (8.2.0):
    - FirebaseCore (~> 8.0)
    - FirebaseInstallations (~> 8.0)
    - GoogleAppMeasurement (= 8.2.0)
    - GoogleUtilities/AppDelegateSwizzler (~> 7.4)
    - GoogleUtilities/MethodSwizzler (~> 7.4)
    - GoogleUtilities/Network (~> 7.4)
    - "GoogleUtilities/NSData+zlib (~> 7.4)"
    - nanopb (~> 2.30908.0)
  - FirebaseCore (8.2.0):
    - FirebaseCoreDiagnostics (~> 8.0)
    - GoogleUtilities/Environment (~> 7.4)
    - GoogleUtilities/Logger (~> 7.4)
  - FirebaseCoreDiagnostics (8.2.0):
    - GoogleDataTransport (~> 9.0)
    - GoogleUtilities/Environment (~> 7.4)
    - GoogleUtilities/Logger (~> 7.4)
    - nanopb (~> 2.30908.0)
  - FirebaseCrashlytics (8.2.0):
    - FirebaseCore (~> 8.0)
    - FirebaseInstallations (~> 8.0)
    - GoogleDataTransport (~> 9.0)
    - nanopb (~> 2.30908.0)
    - PromisesObjC (~> 1.2)
  - FirebaseInstallations (8.2.0):
    - FirebaseCore (~> 8.0)
    - GoogleUtilities/Environment (~> 7.4)
    - GoogleUtilities/UserDefaults (~> 7.4)
    - PromisesObjC (~> 1.2)
  - GoogleAppMeasurement (8.2.0):
    - GoogleAppMeasurement/AdIdSupport (= 8.2.0)
    - GoogleUtilities/AppDelegateSwizzler (~> 7.4)
    - GoogleUtilities/MethodSwizzler (~> 7.4)
    - GoogleUtilities/Network (~> 7.4)
    - "GoogleUtilities/NSData+zlib (~> 7.4)"
    - nanopb (~> 2.30908.0)
  - GoogleAppMeasurement/AdIdSupport (8.2.0):
    - GoogleUtilities/AppDelegateSwizzler (~> 7.4)
    - GoogleUtilities/MethodSwizzler (~> 7.4)
    - GoogleUtilities/Network (~> 7.4)
    - "GoogleUtilities/NSData+zlib (~> 7.4)"
    - nanopb (~> 2.30908.0)
  - GoogleDataTransport (9.0.1):
    - GoogleUtilities/Environment (~> 7.2)
    - nanopb (~> 2.30908.0)
    - PromisesObjC (~> 1.2)
  - GoogleUtilities/AppDelegateSwizzler (7.4.3):
    - GoogleUtilities/Environment
    - GoogleUtilities/Logger
    - GoogleUtilities/Network
  - GoogleUtilities/Environment (7.4.3):
    - PromisesObjC (~> 1.2)
  - GoogleUtilities/Logger (7.4.3):
    - GoogleUtilities/Environment
  - GoogleUtilities/MethodSwizzler (7.4.3):
    - GoogleUtilities/Logger
  - GoogleUtilities/Network (7.4.3):
    - GoogleUtilities/Logger
    - "GoogleUtilities/NSData+zlib"
    - GoogleUtilities/Reachability
  - "GoogleUtilities/NSData+zlib (7.4.3)"
  - GoogleUtilities/Reachability (7.4.3):
    - GoogleUtilities/Logger
  - GoogleUtilities/UserDefaults (7.4.3):
    - GoogleUtilities/Logger
  - ImageScrollView (1.9.3)
  - JZCalendarWeekView (0.7.1)
  - KeychainAccess (4.2.2)
  - lottie-ios (3.2.3)
  - Marshal (1.2.7)
  - Moya (13.0.1):
    - Moya/Core (= 13.0.1)
  - Moya/Core (13.0.1):
    - Alamofire (~> 4.1)
    - Result (~> 4.1)
  - nanopb (2.30908.0):
    - nanopb/decode (= 2.30908.0)
    - nanopb/encode (= 2.30908.0)
  - nanopb/decode (2.30908.0)
  - nanopb/encode (2.30908.0)
  - Pageboy (3.6.2)
  - PromisesObjC (1.2.12)
  - R.swift (5.4.0):
    - R.swift.Library (~> 5.3.0)
  - R.swift.Library (5.3.0)
  - Realm (10.8.1):
    - Realm/Headers (= 10.8.1)
  - Realm/Headers (10.8.1)
  - RealmSwift (10.8.1):
    - Realm (= 10.8.1)
  - Result (4.1.0)
  - RxCocoa (5.1.1):
    - RxRelay (~> 5)
    - RxSwift (~> 5)
  - RxRealm (4.0.2):
    - Realm (~> 10.2)
    - RealmSwift (~> 10.2)
    - RxCocoa (~> 5.1)
    - RxSwift (~> 5.1)
  - RxRelay (5.1.1):
    - RxSwift (~> 5)
  - RxSwift (5.1.2)
  - SwiftKeychainWrapper (4.0.1)
  - Tabman (2.11.1):
    - Pageboy (~> 3.6.0)

DEPENDENCIES:
  - Action
  - Firebase/Analytics
  - Firebase/Crashlytics
  - ImageScrollView
  - JZCalendarWeekView
  - KeychainAccess
  - lottie-ios
  - Marshal (~> 1.2)
  - Moya (~> 13.0.1)
  - R.swift
  - RealmSwift
  - RxCocoa
  - RxRealm
  - RxSwift
  - SwiftKeychainWrapper
  - Tabman

SPEC REPOS:
  https://github.com/CocoaPods/Specs.git:
    - Action
    - Alamofire
    - Firebase
    - FirebaseAnalytics
    - FirebaseCore
    - FirebaseCoreDiagnostics
    - FirebaseCrashlytics
    - FirebaseInstallations
    - GoogleAppMeasurement
    - GoogleDataTransport
    - GoogleUtilities
    - ImageScrollView
    - JZCalendarWeekView
    - KeychainAccess
    - lottie-ios
    - Marshal
    - Moya
    - nanopb
    - Pageboy
    - PromisesObjC
    - R.swift
    - R.swift.Library
    - Realm
    - RealmSwift
    - Result
    - RxCocoa
    - RxRealm
    - RxRelay
    - RxSwift
    - SwiftKeychainWrapper
    - Tabman

SPEC CHECKSUMS:
  Action: 5dc2194f7a0b77857c82a677b0da655f197c005f
  Alamofire: 85e8a02c69d6020a0d734f6054870d7ecb75cf18
  Firebase: 12c568897b807321964e89d2b263ef4c6cff3db6
  FirebaseAnalytics: 7a744b1e7dc50125cb37714c6bdaea167e412082
  FirebaseCore: 3a83f24c3de69ec9f9a426e2598125ea51f3a2ce
  FirebaseCoreDiagnostics: 61384f54989065b15c36b5922b65112e86811d3c
  FirebaseCrashlytics: 935dbdb043a286ca92a22d15e5780802403ea0ea
  FirebaseInstallations: 9394ea09e242bf0816e95ac30e56a9214cc86ced
  GoogleAppMeasurement: b52eafc9dff542d580700e708216568bd2fbf168
  GoogleDataTransport: 04c3e9a480bbcaa2ec3f5d27f1cdeb6a92f20c8d
  GoogleUtilities: 45dbb24a7f351d69d0a601482b39ad6c32e30dab
  ImageScrollView: d3ce8371e0d44299b2b638410db45387e18aa83f
  JZCalendarWeekView: 586a429ab3fbeef4f98d648ea6b801f57c5495cc
  KeychainAccess: c0c4f7f38f6fc7bbe58f5702e25f7bd2f65abf51
  lottie-ios: c058aeafa76daa4cf64d773554bccc8385d0150e
  Marshal: ef480864a6af10a63f67be7e55bb5d8fe67a16d9
  Moya: f4a4b80ff2f8a4ffc208dfb31cd91636622fee6e
  nanopb: a0ba3315591a9ae0a16a309ee504766e90db0c96
  Pageboy: cf121b9dd48c63f3f281b2a9ec93d02e0f23879b
  PromisesObjC: 3113f7f76903778cf4a0586bd1ab89329a0b7b97
  R.swift: c533450b0f7dc494e0993f5f1a1db925d84c3006
  R.swift.Library: 0fc583cb55a99e28901299cc451614cad1161962
  Realm: a2db54d9dcceddeba936b429f5b3d6610a109686
  RealmSwift: 2a3c75ecbf5a3b04080ff5f6f0554cf6337b4764
  Result: bd966fac789cc6c1563440b348ab2598cc24d5c7
  RxCocoa: 32065309a38d29b5b0db858819b5bf9ef038b601
  RxRealm: cc14831d5527f10fbfe547d0922cae129a07ba9d
  RxRelay: d77f7d771495f43c556cbc43eebd1bb54d01e8e9
  RxSwift: 1e2e1f9570186967f617e49128ed26ccf1bafc8e
  SwiftKeychainWrapper: 807ba1d63c33a7d0613288512399cd1eda1e470c
  Tabman: 792ac76fd1ec95af175c93db880a3c47cabedc91

PODFILE CHECKSUM: dd8fcfc3bb2ccb16b9e5d4da6bd45cd3d0f91485

COCOAPODS: 1.10.1
