PODS:
  - KeychainAccess (3.2.0)
  - Marshal (1.2.7)
  - R.swift (5.0.3):
    - R.swift.Library (~> 5.0.0)
  - R.swift.Library (5.0.1)
  - RxCocoa (5.0.0):
    - RxRelay (~> 5)
    - RxSwift (~> 5)
  - RxRelay (5.0.0):
    - RxSwift (~> 5)
  - RxSwift (5.0.0)
  - SideMenu (5.0.3)

DEPENDENCIES:
  - KeychainAccess
  - Marshal (~> 1.2)
  - R.swift
  - RxCocoa (~> 5)
  - RxSwift (~> 5)
  - SideMenu

SPEC REPOS:
  https://github.com/cocoapods/specs.git:
    - KeychainAccess
    - Marshal
    - R.swift
    - R.swift.Library
    - RxCocoa
    - RxRelay
    - RxSwift
    - SideMenu

SPEC CHECKSUMS:
  KeychainAccess: 3b1bf8a77eb4c6ea1ce9404c292e48f948954c6b
  Marshal: ef480864a6af10a63f67be7e55bb5d8fe67a16d9
  R.swift: f5a87643b91ea569d23d6afb3eee9c743edde239
  R.swift.Library: cfe85d569d9bae6cb262922db130e7c3a7a5fad1
  RxCocoa: fcf32050ac00d801f34a7f71d5e8e7f23026dcd8
  RxRelay: 4f7409406a51a55cd88483f21ed898c234d60f18
  RxSwift: 8b0671caa829a763bbce7271095859121cbd895f
  SideMenu: 1dcaabce84538c53325c287f7fe62999379a641c

PODFILE CHECKSUM: a89ed4b3950057181a1246c36151fa3a88a30917

COCOAPODS: 1.7.3
