{
  "object": {
    "pins": [
      {
        "package": "SideMenu",
        "repositoryURL": "https://github.com/jonkykong/SideMenu.git",
        "state": {
          "branch": null,
          "revision": "138103093176154f84ae9a2a63e58b9ae78bc6d7",
          "version": "6.4.8"
        }
      }
    ]
  },
  "version": 1
}
